
Microsoft Visual Studio Solution File, Format Version 12.00
# Visual Studio Version 16
VisualStudioVersion = 16.0.29318.209
MinimumVisualStudioVersion = 10.0.40219.1
Project("{FAE04EC0-301F-11D3-BF4B-00C04F79EFBC}") = "nikSimeticXMLforma", "nikSimeticXMLforma\nikSimeticXMLforma.csproj", "{45E03053-D2CE-4DE4-BC17-A5D6E656FF1E}"
EndProject
Global
	GlobalSection(SolutionConfigurationPlatforms) = preSolution
		Debug|Any CPU = Debug|Any CPU
		Release|Any CPU = Release|Any CPU
	EndGlobalSection
	GlobalSection(ProjectConfigurationPlatforms) = postSolution
		{45E03053-D2CE-4DE4-BC17-A5D6E656FF1E}.Debug|Any CPU.ActiveCfg = Debug|Any CPU
		{45E03053-D2CE-4DE4-BC17-A5D6E656FF1E}.Debug|Any CPU.Build.0 = Debug|Any CPU
		{45E03053-D2CE-4DE4-BC17-A5D6E656FF1E}.Release|Any CPU.ActiveCfg = Release|Any CPU
		{45E03053-D2CE-4DE4-BC17-A5D6E656FF1E}.Release|Any CPU.Build.0 = Release|Any CPU
	EndGlobalSection
	GlobalSection(SolutionProperties) = preSolution
		HideSolutionNode = FALSE
	EndGlobalSection
	GlobalSection(ExtensibilityGlobals) = postSolution
		SolutionGuid = {FCA6365A-9E28-4CCB-8E3B-5A0BD88E80F4}
	EndGlobalSection
EndGlobal
